PODS:
  - AFNetworking (3.2.1):
    - AFNetworking/NSURLSession (= 3.2.1)
    - AFNetworking/Reachability (= 3.2.1)
    - AFNetworking/Security (= 3.2.1)
    - AFNetworking/Serialization (= 3.2.1)
    - AFNetworking/UIKit (= 3.2.1)
  - AFNetworking/NSURLSession (3.2.1):
    - AFNetworking/Reachability
    - AFNetworking/Security
    - AFNetworking/Serialization
  - AFNetworking/Reachability (3.2.1)
  - AFNetworking/Security (3.2.1)
  - AFNetworking/Serialization (3.2.1)
  - AFNetworking/UIKit (3.2.1):
    - AFNetworking/NSURLSession
  - BSBacktraceLogger (0.0.1)
  - CocoaLumberjack (3.5.3):
    - CocoaLumberjack/Core (= 3.5.3)
  - CocoaLumberjack/Core (3.5.3)
  - DoraemonKit/Core (1.1.8):
    - BSBacktraceLogger
    - fishhook
    - PNChart
    - "UITextView+Placeholder"
  - DoraemonKit/WithLoad (1.1.8):
    - BSBacktraceLogger
    - DoraemonKit/Core
    - fishhook
    - PNChart
    - "UITextView+Placeholder"
  - DoraemonKit/WithLogger (1.1.8):
    - BSBacktraceLogger
    - CocoaLumberjack
    - DoraemonKit/Core
    - fishhook
    - PNChart
    - "UITextView+Placeholder"
  - fishhook (0.2)
  - Masonry (1.1.0)
  - MMLayout (0.1.0)
  - Mobileffmpeg (0.1.0)
  - NIMSDK (6.4.1)
  - PNChart (0.8.9):
    - UICountingLabel (~> 1.2.0)
  - PPGetAddressBook (0.2.8)
  - RTRootNavigationController (0.7.1):
    - RTRootNavigationController/Core (= 0.7.1)
  - RTRootNavigationController/Core (0.7.1)
  - SDWebImage (4.4.6):
    - SDWebImage/Core (= 4.4.6)
  - SDWebImage/Core (4.4.6)
  - SuperPlayer (3.0.1):
    - AFNetworking (~> 3.1)
    - Masonry (~> 1.1.0)
    - MMLayout
    - SDWebImage (~> 4.4.0)
    - SuperPlayer/Player (= 3.0.1)
  - SuperPlayer/Player (3.0.1):
    - AFNetworking (~> 3.1)
    - Masonry (~> 1.1.0)
    - MMLayout
    - SDWebImage (~> 4.4.0)
  - SuperPlayerVC (0.1.0):
    - SuperPlayer
  - UICountingLabel (1.2.0)
  - "UITextView+Placeholder (1.2.1)"

DEPENDENCIES:
  - AFNetworking
  - DoraemonKit/Core (~> 1.1.6)
  - DoraemonKit/WithLoad (~> 1.1.6)
  - DoraemonKit/WithLogger (~> 1.1.6)
  - Mobileffmpeg (from `./Devpods/Mobileffmpeg/`)
  - NIMSDK
  - PPGetAddressBook
  - RTRootNavigationController
  - SDWebImage
  - SuperPlayer
  - SuperPlayerVC (from `./Devpods/SuperPlayerVC/`)

SPEC REPOS:
  https://github.com/cocoapods/specs.git:
    - AFNetworking
    - BSBacktraceLogger
    - CocoaLumberjack
    - DoraemonKit
    - fishhook
    - Masonry
    - MMLayout
    - NIMSDK
    - PNChart
    - PPGetAddressBook
    - RTRootNavigationController
    - SDWebImage
    - SuperPlayer
    - UICountingLabel
    - "UITextView+Placeholder"

EXTERNAL SOURCES:
  Mobileffmpeg:
    :path: "./Devpods/Mobileffmpeg/"
  SuperPlayerVC:
    :path: "./Devpods/SuperPlayerVC/"

SPEC CHECKSUMS:
  AFNetworking: b6f891fdfaed196b46c7a83cf209e09697b94057
  BSBacktraceLogger: 06b983ee93a9f87d957960e9c73d660d5966b447
  CocoaLumberjack: 2f44e60eb91c176d471fdba43b9e3eae6a721947
  DoraemonKit: 63d23b938b11ae2c04c8c2caba2112da7d5bda83
  fishhook: ea19933abfe8f2f52c55fd8b6e2718467d3ebc89
  Masonry: 678fab65091a9290e40e2832a55e7ab731aad201
  MMLayout: 7caa6fe2ebfd018ec49ab3ac2409b454c3687995
  Mobileffmpeg: 4a6de98a613149f3acfa2b5d4d836112e039e415
  NIMSDK: a5d714fa9808f2fbeaa161dfcaaf6a9742d58bd1
  PNChart: 84774d225c2126ded6c93d4dbe6ae98c3a73c2d2
  PPGetAddressBook: e4b6b0a87e852df5d5b90c44ecd9ded7f6f1ccf6
  RTRootNavigationController: afa6913402be26f8326f7f37fc1550aa67baddcc
  SDWebImage: 3f3f0c02f09798048c47a5ed0a13f17b063572d8
  SuperPlayer: bc61a8f692979d0da34fcb99c726d0123a6d1733
  SuperPlayerVC: f47108e8a184b76899a0d87a3c2bd638a1795143
  UICountingLabel: 1db4e7d023e1762171eb226d6dff47a7a84f27aa
  "UITextView+Placeholder": 0c3efd97f37ea64bde7f34cc6e90fe02e87b3909

PODFILE CHECKSUM: a49ea11154dc1624e86e6c8806f3f5eef4d59318

COCOAPODS: 1.5.3
