PODS:
  - AFNetworking (3.2.1):
    - AFNetworking/NSURLSession (= 3.2.1)
    - AFNetworking/Reachability (= 3.2.1)
    - AFNetworking/Security (= 3.2.1)
    - AFNetworking/Serialization (= 3.2.1)
    - AFNetworking/UIKit (= 3.2.1)
  - AFNetworking/NSURLSession (3.2.1):
    - AFNetworking/Reachability
    - AFNetworking/Security
    - AFNetworking/Serialization
  - AFNetworking/Reachability (3.2.1)
  - AFNetworking/Security (3.2.1)
  - AFNetworking/Serialization (3.2.1)
  - AFNetworking/UIKit (3.2.1):
    - AFNetworking/NSURLSession
  - BSBacktraceLogger (0.0.1)
  - CocoaLumberjack (3.5.2):
    - CocoaLumberjack/Core (= 3.5.2)
  - CocoaLumberjack/Core (3.5.2)
  - DoraemonKit/Core (1.1.6):
    - BSBacktraceLogger
    - fishhook
    - PNChart
    - "UITextView+Placeholder"
  - DoraemonKit/WithLoad (1.1.6):
    - BSBacktraceLogger
    - DoraemonKit/Core
    - fishhook
    - PNChart
    - "UITextView+Placeholder"
  - DoraemonKit/WithLogger (1.1.6):
    - BSBacktraceLogger
    - CocoaLumberjack
    - DoraemonKit/Core
    - fishhook
    - PNChart
    - "UITextView+Placeholder"
  - fishhook (0.2)
  - Masonry (1.1.0)
  - MBProgressHUD (1.1.0)
  - NIMSDK (6.2.0)
  - PNChart (0.8.9):
    - UICountingLabel (~> 1.2.0)
  - PPGetAddressBook (0.2.8)
  - RTRootNavigationController (0.7.1):
    - RTRootNavigationController/Core (= 0.7.1)
  - RTRootNavigationController/Core (0.7.1)
  - SDWebImage (4.4.6):
    - SDWebImage/Core (= 4.4.6)
  - SDWebImage/Core (4.4.6)
  - SuperPlayer (2.4.0):
    - AFNetworking (~> 3.1)
    - Masonry (~> 1.1.0)
    - SDWebImage (~> 4.4.0)
    - SuperPlayer/Player (= 2.4.0)
  - SuperPlayer/Player (2.4.0):
    - AFNetworking (~> 3.1)
    - Masonry (~> 1.1.0)
    - SDWebImage (~> 4.4.0)
  - SuperPlayerVC (0.1.0):
    - SuperPlayer
  - UGImagePickerController (0.1.0):
    - SuperPlayer
  - UICountingLabel (1.2.0)
  - "UITextView+Placeholder (1.2.1)"

DEPENDENCIES:
  - AFNetworking
  - DoraemonKit/Core
  - DoraemonKit/WithLoad
  - DoraemonKit/WithLogger
  - Masonry
  - MBProgressHUD
  - NIMSDK
  - PPGetAddressBook
  - RTRootNavigationController
  - SDWebImage
  - SuperPlayer
  - SuperPlayerVC (from `./Devpods/SuperPlayerVC/`)
  - UGImagePickerController (from `./Devpods/UGImagePickerController/`)

SPEC REPOS:
  https://github.com/cocoapods/specs.git:
    - AFNetworking
    - BSBacktraceLogger
    - CocoaLumberjack
    - DoraemonKit
    - fishhook
    - Masonry
    - MBProgressHUD
    - NIMSDK
    - PNChart
    - PPGetAddressBook
    - RTRootNavigationController
    - SDWebImage
    - SuperPlayer
    - UICountingLabel
    - "UITextView+Placeholder"

EXTERNAL SOURCES:
  SuperPlayerVC:
    :path: "./Devpods/SuperPlayerVC/"
  UGImagePickerController:
    :path: "./Devpods/UGImagePickerController/"

SPEC CHECKSUMS:
  AFNetworking: b6f891fdfaed196b46c7a83cf209e09697b94057
  BSBacktraceLogger: 06b983ee93a9f87d957960e9c73d660d5966b447
  CocoaLumberjack: 118bf4a820efc641f79fa487b75ed928dccfae23
  DoraemonKit: 309c42d828dffb8149942afcfa2af84d8f44bad1
  fishhook: ea19933abfe8f2f52c55fd8b6e2718467d3ebc89
  Masonry: 678fab65091a9290e40e2832a55e7ab731aad201
  MBProgressHUD: e7baa36a220447d8aeb12769bf0585582f3866d9
  NIMSDK: cc35220c55a1a56523139b384407d4e3a72cff58
  PNChart: 84774d225c2126ded6c93d4dbe6ae98c3a73c2d2
  PPGetAddressBook: e4b6b0a87e852df5d5b90c44ecd9ded7f6f1ccf6
  RTRootNavigationController: afa6913402be26f8326f7f37fc1550aa67baddcc
  SDWebImage: 3f3f0c02f09798048c47a5ed0a13f17b063572d8
  SuperPlayer: 6249e97781920ebaf2cd27e3aec8542a369b10a3
  SuperPlayerVC: 38260e5e41beb1beeaf0674dad4a68d654e9b794
  UGImagePickerController: 9b57b227891d10ec05b1fdc7c46b0e5d3e163302
  UICountingLabel: 1db4e7d023e1762171eb226d6dff47a7a84f27aa
  "UITextView+Placeholder": 0c3efd97f37ea64bde7f34cc6e90fe02e87b3909

PODFILE CHECKSUM: 82a289d8a67381cd3fc9c32b1b9636ba6be304be

COCOAPODS: 1.6.0
