// !$*UTF8*$!
{
	archiveVersion = 1;
	classes = {
	};
	objectVersion = 50;
	objects = {

/* Begin PBXBuildFile section */
		05BC280AF85232F52EBC08E8 /* Pods_UbunGit_OC.framework in Frameworks */ = {isa = PBXBuildFile; fileRef = 688ECF0ECCAAC1617C90C3DF /* Pods_UbunGit_OC.framework */; };
		84380B602235FA82003E73CC /* AppDelegate.m in Sources */ = {isa = PBXBuildFile; fileRef = 84380B5F2235FA82003E73CC /* AppDelegate.m */; };
		84380B632235FA82003E73CC /* ViewController.m in Sources */ = {isa = PBXBuildFile; fileRef = 84380B622235FA82003E73CC /* ViewController.m */; };
		84380B662235FA82003E73CC /* Main.storyboard in Resources */ = {isa = PBXBuildFile; fileRef = 84380B642235FA82003E73CC /* Main.storyboard */; };
		84380B682235FA85003E73CC /* Assets.xcassets in Resources */ = {isa = PBXBuildFile; fileRef = 84380B672235FA85003E73CC /* Assets.xcassets */; };
		84380B6B2235FA85003E73CC /* LaunchScreen.storyboard in Resources */ = {isa = PBXBuildFile; fileRef = 84380B692235FA85003E73CC /* LaunchScreen.storyboard */; };
		84380B6E2235FA85003E73CC /* main.m in Sources */ = {isa = PBXBuildFile; fileRef = 84380B6D2235FA85003E73CC /* main.m */; };
		84380B782235FA85003E73CC /* UbunGit_OCTests.m in Sources */ = {isa = PBXBuildFile; fileRef = 84380B772235FA85003E73CC /* UbunGit_OCTests.m */; };
		84380B832235FA85003E73CC /* UbunGit_OCUITests.m in Sources */ = {isa = PBXBuildFile; fileRef = 84380B822235FA85003E73CC /* UbunGit_OCUITests.m */; };
		84380BA622361DB9003E73CC /* AppDelegate+DoraemonKit.m in Sources */ = {isa = PBXBuildFile; fileRef = 84380BA522361DB9003E73CC /* AppDelegate+DoraemonKit.m */; };
		84380BAC22361F64003E73CC /* AppDelegate+CocoaLumberjack.m in Sources */ = {isa = PBXBuildFile; fileRef = 84380BAB22361F64003E73CC /* AppDelegate+CocoaLumberjack.m */; };
		84380BB0223624F8003E73CC /* AppDelegate+TavBar.m in Sources */ = {isa = PBXBuildFile; fileRef = 84380BAF223624F8003E73CC /* AppDelegate+TavBar.m */; };
		84380BB42236283B003E73CC /* AppDelegate+RTRootNavigationController.m in Sources */ = {isa = PBXBuildFile; fileRef = 84380BB32236283B003E73CC /* AppDelegate+RTRootNavigationController.m */; };
		84380BB922362BE5003E73CC /* AppDelegate+NIMSDK.m in Sources */ = {isa = PBXBuildFile; fileRef = 84380BB822362BE5003E73CC /* AppDelegate+NIMSDK.m */; };
		84380BC22236595A003E73CC /* AddressBookController.m in Sources */ = {isa = PBXBuildFile; fileRef = 84380BC12236595A003E73CC /* AddressBookController.m */; };
		84380BC522365AD9003E73CC /* DoraemonAddressBook.m in Sources */ = {isa = PBXBuildFile; fileRef = 84380BC422365AD9003E73CC /* DoraemonAddressBook.m */; };
		843F330D2278035300F1D950 /* WelcomViewController.m in Sources */ = {isa = PBXBuildFile; fileRef = 843F330C2278035300F1D950 /* WelcomViewController.m */; };
		843F33232278151B00F1D950 /* AppDelegate+Welcom.m in Sources */ = {isa = PBXBuildFile; fileRef = 843F33222278151B00F1D950 /* AppDelegate+Welcom.m */; };
		843F334A227838E300F1D950 /* DMViewController.m in Sources */ = {isa = PBXBuildFile; fileRef = 843F3348227838E300F1D950 /* DMViewController.m */; };
		843F334B227838E300F1D950 /* DMViewController.xib in Resources */ = {isa = PBXBuildFile; fileRef = 843F3349227838E300F1D950 /* DMViewController.xib */; };
		843F335A22783AFA00F1D950 /* iosyingdaoye3@2x.png in Resources */ = {isa = PBXBuildFile; fileRef = 843F335022783AFA00F1D950 /* iosyingdaoye3@2x.png */; };
		843F335B22783AFA00F1D950 /* beijing@2x.png in Resources */ = {isa = PBXBuildFile; fileRef = 843F335122783AFA00F1D950 /* beijing@2x.png */; };
		843F335C22783AFA00F1D950 /* iosyingdaoye3@3x.png in Resources */ = {isa = PBXBuildFile; fileRef = 843F335222783AFA00F1D950 /* iosyingdaoye3@3x.png */; };
		843F335D22783AFA00F1D950 /* beijing@3x.png in Resources */ = {isa = PBXBuildFile; fileRef = 843F335322783AFA00F1D950 /* beijing@3x.png */; };
		843F335E22783AFA00F1D950 /* guanyuwomen-yunpan@2x.png in Resources */ = {isa = PBXBuildFile; fileRef = 843F335422783AFA00F1D950 /* guanyuwomen-yunpan@2x.png */; };
		843F335F22783AFA00F1D950 /* guanyuwomen-yunpan@3x.png in Resources */ = {isa = PBXBuildFile; fileRef = 843F335522783AFA00F1D950 /* guanyuwomen-yunpan@3x.png */; };
		843F336022783AFA00F1D950 /* iosyingdaoye1@3x.png in Resources */ = {isa = PBXBuildFile; fileRef = 843F335622783AFA00F1D950 /* iosyingdaoye1@3x.png */; };
		843F336122783AFA00F1D950 /* iosyingdaoye1@2x.png in Resources */ = {isa = PBXBuildFile; fileRef = 843F335722783AFA00F1D950 /* iosyingdaoye1@2x.png */; };
		843F336222783AFA00F1D950 /* iosyingdaoye2@2x.png in Resources */ = {isa = PBXBuildFile; fileRef = 843F335822783AFA00F1D950 /* iosyingdaoye2@2x.png */; };
		843F336322783AFA00F1D950 /* iosyingdaoye2@3x.png in Resources */ = {isa = PBXBuildFile; fileRef = 843F335922783AFA00F1D950 /* iosyingdaoye2@3x.png */; };
		84AACD37228A6BFB00A327DD /* UIImage+UG.m in Sources */ = {isa = PBXBuildFile; fileRef = 84AACD1A228A6BFB00A327DD /* UIImage+UG.m */; };
		84AACD38228A6BFB00A327DD /* UILabel+UG.m in Sources */ = {isa = PBXBuildFile; fileRef = 84AACD1D228A6BFB00A327DD /* UILabel+UG.m */; };
		84AACD39228A6BFB00A327DD /* UIButton+UG.m in Sources */ = {isa = PBXBuildFile; fileRef = 84AACD20228A6BFB00A327DD /* UIButton+UG.m */; };
		84AACD3A228A6BFB00A327DD /* UIControl+UG.m in Sources */ = {isa = PBXBuildFile; fileRef = 84AACD21228A6BFB00A327DD /* UIControl+UG.m */; };
		84AACD3B228A6BFB00A327DD /* UIView+WY_Extension.m in Sources */ = {isa = PBXBuildFile; fileRef = 84AACD24228A6BFB00A327DD /* UIView+WY_Extension.m */; };
		84AACD3C228A6BFB00A327DD /* UIView+UG.m in Sources */ = {isa = PBXBuildFile; fileRef = 84AACD27228A6BFB00A327DD /* UIView+UG.m */; };
		84AACD3D228A6BFB00A327DD /* UIView+Alert.m in Sources */ = {isa = PBXBuildFile; fileRef = 84AACD29228A6BFB00A327DD /* UIView+Alert.m */; };
		84AACD3E228A6BFB00A327DD /* UITextView+WY_Extension.m in Sources */ = {isa = PBXBuildFile; fileRef = 84AACD2B228A6BFB00A327DD /* UITextView+WY_Extension.m */; };
		84AACD3F228A6BFB00A327DD /* NSString+Encode.m in Sources */ = {isa = PBXBuildFile; fileRef = 84AACD2F228A6BFB00A327DD /* NSString+Encode.m */; };
		84AACD40228A6BFB00A327DD /* UITextField+UG.m in Sources */ = {isa = PBXBuildFile; fileRef = 84AACD33228A6BFB00A327DD /* UITextField+UG.m */; };
		84AACD41228A6BFB00A327DD /* NSDate+UG.m in Sources */ = {isa = PBXBuildFile; fileRef = 84AACD36228A6BFB00A327DD /* NSDate+UG.m */; };
		84AACD45228A6D1700A327DD /* DoraemonSuperPlay.m in Sources */ = {isa = PBXBuildFile; fileRef = 84AACD43228A6D1700A327DD /* DoraemonSuperPlay.m */; };
		84AACD4C228A6EAF00A327DD /* UG_TZImagePickSwitch.m in Sources */ = {isa = PBXBuildFile; fileRef = 84AACD49228A6EAF00A327DD /* UG_TZImagePickSwitch.m */; };
		84AACD4D228A6EAF00A327DD /* UG_TZImagePickSwitch.xib in Resources */ = {isa = PBXBuildFile; fileRef = 84AACD4A228A6EAF00A327DD /* UG_TZImagePickSwitch.xib */; };
		84AACD4E228A6EAF00A327DD /* DoraemonTZImagePick.m in Sources */ = {isa = PBXBuildFile; fileRef = 84AACD4B228A6EAF00A327DD /* DoraemonTZImagePick.m */; };
		84C73A7D2265CE2100BA5142 /* MBProgressHUDTableVC.m in Sources */ = {isa = PBXBuildFile; fileRef = 84C73A7C2265CE2100BA5142 /* MBProgressHUDTableVC.m */; };
		84C73A802265CF5A00BA5142 /* MessageCenter.m in Sources */ = {isa = PBXBuildFile; fileRef = 84C73A7E2265CF5A00BA5142 /* MessageCenter.m */; };
		84C73A832265CFC200BA5142 /* zhucechenggong-tanchuang@2x.png in Resources */ = {isa = PBXBuildFile; fileRef = 84C73A812265CFC200BA5142 /* zhucechenggong-tanchuang@2x.png */; };
		84C73A842265CFC200BA5142 /* zhucechenggong-tanchuang@3x.png in Resources */ = {isa = PBXBuildFile; fileRef = 84C73A822265CFC200BA5142 /* zhucechenggong-tanchuang@3x.png */; };
		84C73A872265D13D00BA5142 /* DoraemonMBOrogressHUD.m in Sources */ = {isa = PBXBuildFile; fileRef = 84C73A862265D13D00BA5142 /* DoraemonMBOrogressHUD.m */; };
		84C73A8A2265D2FC00BA5142 /* UIView+Alert.m in Sources */ = {isa = PBXBuildFile; fileRef = 84C73A892265D2FC00BA5142 /* UIView+Alert.m */; };
/* End PBXBuildFile section */

/* Begin PBXContainerItemProxy section */
		84380B742235FA85003E73CC /* PBXContainerItemProxy */ = {
			isa = PBXContainerItemProxy;
			containerPortal = 84380B532235FA82003E73CC /* Project object */;
			proxyType = 1;
			remoteGlobalIDString = 84380B5A2235FA82003E73CC;
			remoteInfo = UbunGit_OC;
		};
		84380B7F2235FA85003E73CC /* PBXContainerItemProxy */ = {
			isa = PBXContainerItemProxy;
			containerPortal = 84380B532235FA82003E73CC /* Project object */;
			proxyType = 1;
			remoteGlobalIDString = 84380B5A2235FA82003E73CC;
			remoteInfo = UbunGit_OC;
		};
/* End PBXContainerItemProxy section */

/* Begin PBXFileReference section */
		379FC585DD767D4C78D95618 /* Pods-UbunGit_OC.release.xcconfig */ = {isa = PBXFileReference; includeInIndex = 1; lastKnownFileType = text.xcconfig; name = "Pods-UbunGit_OC.release.xcconfig"; path = "Target Support Files/Pods-UbunGit_OC/Pods-UbunGit_OC.release.xcconfig"; sourceTree = "<group>"; };
		688ECF0ECCAAC1617C90C3DF /* Pods_UbunGit_OC.framework */ = {isa = PBXFileReference; explicitFileType = wrapper.framework; includeInIndex = 0; path = Pods_UbunGit_OC.framework; sourceTree = BUILT_PRODUCTS_DIR; };
		84380B5B2235FA82003E73CC /* UbunGit_OC.app */ = {isa = PBXFileReference; explicitFileType = wrapper.application; includeInIndex = 0; path = UbunGit_OC.app; sourceTree = BUILT_PRODUCTS_DIR; };
		84380B5E2235FA82003E73CC /* AppDelegate.h */ = {isa = PBXFileReference; lastKnownFileType = sourcecode.c.h; path = AppDelegate.h; sourceTree = "<group>"; };
		84380B5F2235FA82003E73CC /* AppDelegate.m */ = {isa = PBXFileReference; lastKnownFileType = sourcecode.c.objc; path = AppDelegate.m; sourceTree = "<group>"; };
		84380B612235FA82003E73CC /* ViewController.h */ = {isa = PBXFileReference; lastKnownFileType = sourcecode.c.h; path = ViewController.h; sourceTree = "<group>"; };
		84380B622235FA82003E73CC /* ViewController.m */ = {isa = PBXFileReference; lastKnownFileType = sourcecode.c.objc; path = ViewController.m; sourceTree = "<group>"; };
		84380B652235FA82003E73CC /* Base */ = {isa = PBXFileReference; lastKnownFileType = file.storyboard; name = Base; path = Base.lproj/Main.storyboard; sourceTree = "<group>"; };
		84380B672235FA85003E73CC /* Assets.xcassets */ = {isa = PBXFileReference; lastKnownFileType = folder.assetcatalog; path = Assets.xcassets; sourceTree = "<group>"; };
		84380B6A2235FA85003E73CC /* Base */ = {isa = PBXFileReference; lastKnownFileType = file.storyboard; name = Base; path = Base.lproj/LaunchScreen.storyboard; sourceTree = "<group>"; };
		84380B6C2235FA85003E73CC /* Info.plist */ = {isa = PBXFileReference; lastKnownFileType = text.plist.xml; path = Info.plist; sourceTree = "<group>"; };
		84380B6D2235FA85003E73CC /* main.m */ = {isa = PBXFileReference; lastKnownFileType = sourcecode.c.objc; path = main.m; sourceTree = "<group>"; };
		84380B732235FA85003E73CC /* UbunGit_OCTests.xctest */ = {isa = PBXFileReference; explicitFileType = wrapper.cfbundle; includeInIndex = 0; path = UbunGit_OCTests.xctest; sourceTree = BUILT_PRODUCTS_DIR; };
		84380B772235FA85003E73CC /* UbunGit_OCTests.m */ = {isa = PBXFileReference; lastKnownFileType = sourcecode.c.objc; path = UbunGit_OCTests.m; sourceTree = "<group>"; };
		84380B792235FA85003E73CC /* Info.plist */ = {isa = PBXFileReference; lastKnownFileType = text.plist.xml; path = Info.plist; sourceTree = "<group>"; };
		84380B7E2235FA85003E73CC /* UbunGit_OCUITests.xctest */ = {isa = PBXFileReference; explicitFileType = wrapper.cfbundle; includeInIndex = 0; path = UbunGit_OCUITests.xctest; sourceTree = BUILT_PRODUCTS_DIR; };
		84380B822235FA85003E73CC /* UbunGit_OCUITests.m */ = {isa = PBXFileReference; lastKnownFileType = sourcecode.c.objc; path = UbunGit_OCUITests.m; sourceTree = "<group>"; };
		84380B842235FA85003E73CC /* Info.plist */ = {isa = PBXFileReference; lastKnownFileType = text.plist.xml; path = Info.plist; sourceTree = "<group>"; };
		84380BA422361DB9003E73CC /* AppDelegate+DoraemonKit.h */ = {isa = PBXFileReference; lastKnownFileType = sourcecode.c.h; path = "AppDelegate+DoraemonKit.h"; sourceTree = "<group>"; };
		84380BA522361DB9003E73CC /* AppDelegate+DoraemonKit.m */ = {isa = PBXFileReference; lastKnownFileType = sourcecode.c.objc; path = "AppDelegate+DoraemonKit.m"; sourceTree = "<group>"; };
		84380BA822361E34003E73CC /* Magic.h */ = {isa = PBXFileReference; lastKnownFileType = sourcecode.c.h; path = Magic.h; sourceTree = "<group>"; };
		84380BAA22361F64003E73CC /* AppDelegate+CocoaLumberjack.h */ = {isa = PBXFileReference; lastKnownFileType = sourcecode.c.h; path = "AppDelegate+CocoaLumberjack.h"; sourceTree = "<group>"; };
		84380BAB22361F64003E73CC /* AppDelegate+CocoaLumberjack.m */ = {isa = PBXFileReference; lastKnownFileType = sourcecode.c.objc; path = "AppDelegate+CocoaLumberjack.m"; sourceTree = "<group>"; };
		84380BAE223624F8003E73CC /* AppDelegate+TavBar.h */ = {isa = PBXFileReference; lastKnownFileType = sourcecode.c.h; path = "AppDelegate+TavBar.h"; sourceTree = "<group>"; };
		84380BAF223624F8003E73CC /* AppDelegate+TavBar.m */ = {isa = PBXFileReference; lastKnownFileType = sourcecode.c.objc; path = "AppDelegate+TavBar.m"; sourceTree = "<group>"; };
		84380BB22236283B003E73CC /* AppDelegate+RTRootNavigationController.h */ = {isa = PBXFileReference; lastKnownFileType = sourcecode.c.h; path = "AppDelegate+RTRootNavigationController.h"; sourceTree = "<group>"; };
		84380BB32236283B003E73CC /* AppDelegate+RTRootNavigationController.m */ = {isa = PBXFileReference; lastKnownFileType = sourcecode.c.objc; path = "AppDelegate+RTRootNavigationController.m"; sourceTree = "<group>"; };
		84380BB722362BE5003E73CC /* AppDelegate+NIMSDK.h */ = {isa = PBXFileReference; lastKnownFileType = sourcecode.c.h; path = "AppDelegate+NIMSDK.h"; sourceTree = "<group>"; };
		84380BB822362BE5003E73CC /* AppDelegate+NIMSDK.m */ = {isa = PBXFileReference; lastKnownFileType = sourcecode.c.objc; path = "AppDelegate+NIMSDK.m"; sourceTree = "<group>"; };
		84380BC02236595A003E73CC /* AddressBookController.h */ = {isa = PBXFileReference; lastKnownFileType = sourcecode.c.h; path = AddressBookController.h; sourceTree = "<group>"; };
		84380BC12236595A003E73CC /* AddressBookController.m */ = {isa = PBXFileReference; lastKnownFileType = sourcecode.c.objc; path = AddressBookController.m; sourceTree = "<group>"; };
		84380BC322365AD9003E73CC /* DoraemonAddressBook.h */ = {isa = PBXFileReference; lastKnownFileType = sourcecode.c.h; path = DoraemonAddressBook.h; sourceTree = "<group>"; };
		84380BC422365AD9003E73CC /* DoraemonAddressBook.m */ = {isa = PBXFileReference; lastKnownFileType = sourcecode.c.objc; path = DoraemonAddressBook.m; sourceTree = "<group>"; };
		84380BC622365CB4003E73CC /* UbunGit_OC.pch */ = {isa = PBXFileReference; lastKnownFileType = sourcecode.c.h; path = UbunGit_OC.pch; sourceTree = "<group>"; };
		843F330B2278035300F1D950 /* WelcomViewController.h */ = {isa = PBXFileReference; lastKnownFileType = sourcecode.c.h; path = WelcomViewController.h; sourceTree = "<group>"; };
		843F330C2278035300F1D950 /* WelcomViewController.m */ = {isa = PBXFileReference; lastKnownFileType = sourcecode.c.objc; path = WelcomViewController.m; sourceTree = "<group>"; };
		843F33212278151B00F1D950 /* AppDelegate+Welcom.h */ = {isa = PBXFileReference; lastKnownFileType = sourcecode.c.h; path = "AppDelegate+Welcom.h"; sourceTree = "<group>"; };
		843F33222278151B00F1D950 /* AppDelegate+Welcom.m */ = {isa = PBXFileReference; lastKnownFileType = sourcecode.c.objc; path = "AppDelegate+Welcom.m"; sourceTree = "<group>"; };
		843F3347227838E300F1D950 /* DMViewController.h */ = {isa = PBXFileReference; lastKnownFileType = sourcecode.c.h; path = DMViewController.h; sourceTree = "<group>"; };
		843F3348227838E300F1D950 /* DMViewController.m */ = {isa = PBXFileReference; lastKnownFileType = sourcecode.c.objc; path = DMViewController.m; sourceTree = "<group>"; };
		843F3349227838E300F1D950 /* DMViewController.xib */ = {isa = PBXFileReference; lastKnownFileType = file.xib; path = DMViewController.xib; sourceTree = "<group>"; };
		843F335022783AFA00F1D950 /* iosyingdaoye3@2x.png */ = {isa = PBXFileReference; lastKnownFileType = image.png; path = "iosyingdaoye3@2x.png"; sourceTree = "<group>"; };
		843F335122783AFA00F1D950 /* beijing@2x.png */ = {isa = PBXFileReference; lastKnownFileType = image.png; path = "beijing@2x.png"; sourceTree = "<group>"; };
		843F335222783AFA00F1D950 /* iosyingdaoye3@3x.png */ = {isa = PBXFileReference; lastKnownFileType = image.png; path = "iosyingdaoye3@3x.png"; sourceTree = "<group>"; };
		843F335322783AFA00F1D950 /* beijing@3x.png */ = {isa = PBXFileReference; lastKnownFileType = image.png; path = "beijing@3x.png"; sourceTree = "<group>"; };
		843F335422783AFA00F1D950 /* guanyuwomen-yunpan@2x.png */ = {isa = PBXFileReference; lastKnownFileType = image.png; path = "guanyuwomen-yunpan@2x.png"; sourceTree = "<group>"; };
		843F335522783AFA00F1D950 /* guanyuwomen-yunpan@3x.png */ = {isa = PBXFileReference; lastKnownFileType = image.png; path = "guanyuwomen-yunpan@3x.png"; sourceTree = "<group>"; };
		843F335622783AFA00F1D950 /* iosyingdaoye1@3x.png */ = {isa = PBXFileReference; lastKnownFileType = image.png; path = "iosyingdaoye1@3x.png"; sourceTree = "<group>"; };
		843F335722783AFA00F1D950 /* iosyingdaoye1@2x.png */ = {isa = PBXFileReference; lastKnownFileType = image.png; path = "iosyingdaoye1@2x.png"; sourceTree = "<group>"; };
		843F335822783AFA00F1D950 /* iosyingdaoye2@2x.png */ = {isa = PBXFileReference; lastKnownFileType = image.png; path = "iosyingdaoye2@2x.png"; sourceTree = "<group>"; };
		843F335922783AFA00F1D950 /* iosyingdaoye2@3x.png */ = {isa = PBXFileReference; lastKnownFileType = image.png; path = "iosyingdaoye2@3x.png"; sourceTree = "<group>"; };
		84AACD19228A6BFB00A327DD /* UIImage+UG.h */ = {isa = PBXFileReference; fileEncoding = 4; lastKnownFileType = sourcecode.c.h; path = "UIImage+UG.h"; sourceTree = "<group>"; };
		84AACD1A228A6BFB00A327DD /* UIImage+UG.m */ = {isa = PBXFileReference; fileEncoding = 4; lastKnownFileType = sourcecode.c.objc; path = "UIImage+UG.m"; sourceTree = "<group>"; };
		84AACD1C228A6BFB00A327DD /* UILabel+UG.h */ = {isa = PBXFileReference; fileEncoding = 4; lastKnownFileType = sourcecode.c.h; path = "UILabel+UG.h"; sourceTree = "<group>"; };
		84AACD1D228A6BFB00A327DD /* UILabel+UG.m */ = {isa = PBXFileReference; fileEncoding = 4; lastKnownFileType = sourcecode.c.objc; path = "UILabel+UG.m"; sourceTree = "<group>"; };
		84AACD1F228A6BFB00A327DD /* UIControl+UG.h */ = {isa = PBXFileReference; fileEncoding = 4; lastKnownFileType = sourcecode.c.h; path = "UIControl+UG.h"; sourceTree = "<group>"; };
		84AACD20228A6BFB00A327DD /* UIButton+UG.m */ = {isa = PBXFileReference; fileEncoding = 4; lastKnownFileType = sourcecode.c.objc; path = "UIButton+UG.m"; sourceTree = "<group>"; };
		84AACD21228A6BFB00A327DD /* UIControl+UG.m */ = {isa = PBXFileReference; fileEncoding = 4; lastKnownFileType = sourcecode.c.objc; path = "UIControl+UG.m"; sourceTree = "<group>"; };
		84AACD22228A6BFB00A327DD /* UIButton+UG.h */ = {isa = PBXFileReference; fileEncoding = 4; lastKnownFileType = sourcecode.c.h; path = "UIButton+UG.h"; sourceTree = "<group>"; };
		84AACD24228A6BFB00A327DD /* UIView+WY_Extension.m */ = {isa = PBXFileReference; fileEncoding = 4; lastKnownFileType = sourcecode.c.objc; path = "UIView+WY_Extension.m"; sourceTree = "<group>"; };
		84AACD25228A6BFB00A327DD /* UIView+UG.h */ = {isa = PBXFileReference; fileEncoding = 4; lastKnownFileType = sourcecode.c.h; path = "UIView+UG.h"; sourceTree = "<group>"; };
		84AACD26228A6BFB00A327DD /* UIView+Alert.h */ = {isa = PBXFileReference; fileEncoding = 4; lastKnownFileType = sourcecode.c.h; path = "UIView+Alert.h"; sourceTree = "<group>"; };
		84AACD27228A6BFB00A327DD /* UIView+UG.m */ = {isa = PBXFileReference; fileEncoding = 4; lastKnownFileType = sourcecode.c.objc; path = "UIView+UG.m"; sourceTree = "<group>"; };
		84AACD28228A6BFB00A327DD /* UIView+WY_Extension.h */ = {isa = PBXFileReference; fileEncoding = 4; lastKnownFileType = sourcecode.c.h; path = "UIView+WY_Extension.h"; sourceTree = "<group>"; };
		84AACD29228A6BFB00A327DD /* UIView+Alert.m */ = {isa = PBXFileReference; fileEncoding = 4; lastKnownFileType = sourcecode.c.objc; path = "UIView+Alert.m"; sourceTree = "<group>"; };
		84AACD2B228A6BFB00A327DD /* UITextView+WY_Extension.m */ = {isa = PBXFileReference; fileEncoding = 4; lastKnownFileType = sourcecode.c.objc; path = "UITextView+WY_Extension.m"; sourceTree = "<group>"; };
		84AACD2C228A6BFB00A327DD /* UITextView+WY_Extension.h */ = {isa = PBXFileReference; fileEncoding = 4; lastKnownFileType = sourcecode.c.h; path = "UITextView+WY_Extension.h"; sourceTree = "<group>"; };
		84AACD2E228A6BFB00A327DD /* NSString+Encode.h */ = {isa = PBXFileReference; fileEncoding = 4; lastKnownFileType = sourcecode.c.h; path = "NSString+Encode.h"; sourceTree = "<group>"; };
		84AACD2F228A6BFB00A327DD /* NSString+Encode.m */ = {isa = PBXFileReference; fileEncoding = 4; lastKnownFileType = sourcecode.c.objc; path = "NSString+Encode.m"; sourceTree = "<group>"; };
		84AACD30228A6BFB00A327DD /* Category.h */ = {isa = PBXFileReference; fileEncoding = 4; lastKnownFileType = sourcecode.c.h; path = Category.h; sourceTree = "<group>"; };
		84AACD32228A6BFB00A327DD /* UITextField+UG.h */ = {isa = PBXFileReference; fileEncoding = 4; lastKnownFileType = sourcecode.c.h; path = "UITextField+UG.h"; sourceTree = "<group>"; };
		84AACD33228A6BFB00A327DD /* UITextField+UG.m */ = {isa = PBXFileReference; fileEncoding = 4; lastKnownFileType = sourcecode.c.objc; path = "UITextField+UG.m"; sourceTree = "<group>"; };
		84AACD35228A6BFB00A327DD /* NSDate+UG.h */ = {isa = PBXFileReference; fileEncoding = 4; lastKnownFileType = sourcecode.c.h; path = "NSDate+UG.h"; sourceTree = "<group>"; };
		84AACD36228A6BFB00A327DD /* NSDate+UG.m */ = {isa = PBXFileReference; fileEncoding = 4; lastKnownFileType = sourcecode.c.objc; path = "NSDate+UG.m"; sourceTree = "<group>"; };
		84AACD43228A6D1700A327DD /* DoraemonSuperPlay.m */ = {isa = PBXFileReference; fileEncoding = 4; lastKnownFileType = sourcecode.c.objc; path = DoraemonSuperPlay.m; sourceTree = "<group>"; };
		84AACD44228A6D1700A327DD /* DoraemonSuperPlay.h */ = {isa = PBXFileReference; fileEncoding = 4; lastKnownFileType = sourcecode.c.h; path = DoraemonSuperPlay.h; sourceTree = "<group>"; };
		84AACD47228A6EAF00A327DD /* UG_TZImagePickSwitch.h */ = {isa = PBXFileReference; fileEncoding = 4; lastKnownFileType = sourcecode.c.h; path = UG_TZImagePickSwitch.h; sourceTree = "<group>"; };
		84AACD48228A6EAF00A327DD /* DoraemonTZImagePick.h */ = {isa = PBXFileReference; fileEncoding = 4; lastKnownFileType = sourcecode.c.h; path = DoraemonTZImagePick.h; sourceTree = "<group>"; };
		84AACD49228A6EAF00A327DD /* UG_TZImagePickSwitch.m */ = {isa = PBXFileReference; fileEncoding = 4; lastKnownFileType = sourcecode.c.objc; path = UG_TZImagePickSwitch.m; sourceTree = "<group>"; };
		84AACD4A228A6EAF00A327DD /* UG_TZImagePickSwitch.xib */ = {isa = PBXFileReference; fileEncoding = 4; lastKnownFileType = file.xib; path = UG_TZImagePickSwitch.xib; sourceTree = "<group>"; };
		84AACD4B228A6EAF00A327DD /* DoraemonTZImagePick.m */ = {isa = PBXFileReference; fileEncoding = 4; lastKnownFileType = sourcecode.c.objc; path = DoraemonTZImagePick.m; sourceTree = "<group>"; };
		84C73A7B2265CE2100BA5142 /* MBProgressHUDTableVC.h */ = {isa = PBXFileReference; lastKnownFileType = sourcecode.c.h; path = MBProgressHUDTableVC.h; sourceTree = "<group>"; };
		84C73A7C2265CE2100BA5142 /* MBProgressHUDTableVC.m */ = {isa = PBXFileReference; lastKnownFileType = sourcecode.c.objc; path = MBProgressHUDTableVC.m; sourceTree = "<group>"; };
		84C73A7E2265CF5A00BA5142 /* MessageCenter.m */ = {isa = PBXFileReference; lastKnownFileType = sourcecode.c.objc; path = MessageCenter.m; sourceTree = "<group>"; };
		84C73A7F2265CF5A00BA5142 /* MessageCenter.h */ = {isa = PBXFileReference; lastKnownFileType = sourcecode.c.h; path = MessageCenter.h; sourceTree = "<group>"; };
		84C73A812265CFC200BA5142 /* zhucechenggong-tanchuang@2x.png */ = {isa = PBXFileReference; lastKnownFileType = image.png; path = "zhucechenggong-tanchuang@2x.png"; sourceTree = "<group>"; };
		84C73A822265CFC200BA5142 /* zhucechenggong-tanchuang@3x.png */ = {isa = PBXFileReference; lastKnownFileType = image.png; path = "zhucechenggong-tanchuang@3x.png"; sourceTree = "<group>"; };
		84C73A852265D13D00BA5142 /* DoraemonMBOrogressHUD.h */ = {isa = PBXFileReference; lastKnownFileType = sourcecode.c.h; path = DoraemonMBOrogressHUD.h; sourceTree = "<group>"; };
		84C73A862265D13D00BA5142 /* DoraemonMBOrogressHUD.m */ = {isa = PBXFileReference; lastKnownFileType = sourcecode.c.objc; path = DoraemonMBOrogressHUD.m; sourceTree = "<group>"; };
		84C73A882265D2FC00BA5142 /* UIView+Alert.h */ = {isa = PBXFileReference; lastKnownFileType = sourcecode.c.h; path = "UIView+Alert.h"; sourceTree = "<group>"; };
		84C73A892265D2FC00BA5142 /* UIView+Alert.m */ = {isa = PBXFileReference; lastKnownFileType = sourcecode.c.objc; path = "UIView+Alert.m"; sourceTree = "<group>"; };
		985F57520484DAC01210C56D /* Pods-UbunGit_OC.debug.xcconfig */ = {isa = PBXFileReference; includeInIndex = 1; lastKnownFileType = text.xcconfig; name = "Pods-UbunGit_OC.debug.xcconfig"; path = "Target Support Files/Pods-UbunGit_OC/Pods-UbunGit_OC.debug.xcconfig"; sourceTree = "<group>"; };
/* End PBXFileReference section */

/* Begin PBXFrameworksBuildPhase section */
		84380B582235FA82003E73CC /* Frameworks */ = {
			isa = PBXFrameworksBuildPhase;
			buildActionMask = 2147483647;
			files = (
				05BC280AF85232F52EBC08E8 /* Pods_UbunGit_OC.framework in Frameworks */,
			);
			runOnlyForDeploymentPostprocessing = 0;
		};
		84380B702235FA85003E73CC /* Frameworks */ = {
			isa = PBXFrameworksBuildPhase;
			buildActionMask = 2147483647;
			files = (
			);
			runOnlyForDeploymentPostprocessing = 0;
		};
		84380B7B2235FA85003E73CC /* Frameworks */ = {
			isa = PBXFrameworksBuildPhase;
			buildActionMask = 2147483647;
			files = (
			);
			runOnlyForDeploymentPostprocessing = 0;
		};
/* End PBXFrameworksBuildPhase section */

/* Begin PBXGroup section */
		84380B522235FA82003E73CC = {
			isa = PBXGroup;
			children = (
				84380B5D2235FA82003E73CC /* UbunGit_OC */,
				84380B762235FA85003E73CC /* UbunGit_OCTests */,
				84380B812235FA85003E73CC /* UbunGit_OCUITests */,
				84380B5C2235FA82003E73CC /* Products */,
				E371EDD99817895D25296D3F /* Pods */,
				E3F810595441F88D9813A958 /* Frameworks */,
			);
			sourceTree = "<group>";
		};
		84380B5C2235FA82003E73CC /* Products */ = {
			isa = PBXGroup;
			children = (
				84380B5B2235FA82003E73CC /* UbunGit_OC.app */,
				84380B732235FA85003E73CC /* UbunGit_OCTests.xctest */,
				84380B7E2235FA85003E73CC /* UbunGit_OCUITests.xctest */,
			);
			name = Products;
			sourceTree = "<group>";
		};
		84380B5D2235FA82003E73CC /* UbunGit_OC */ = {
			isa = PBXGroup;
			children = (
				84AACD17228A6BFB00A327DD /* Category */,
				843F33092278030100F1D950 /* Components */,
				84380B9F22361C82003E73CC /* Magic */,
				84380B5E2235FA82003E73CC /* AppDelegate.h */,
				84380B5F2235FA82003E73CC /* AppDelegate.m */,
				84380B612235FA82003E73CC /* ViewController.h */,
				84380B622235FA82003E73CC /* ViewController.m */,
				84380B642235FA82003E73CC /* Main.storyboard */,
				84380B672235FA85003E73CC /* Assets.xcassets */,
				84380B692235FA85003E73CC /* LaunchScreen.storyboard */,
				84380B6C2235FA85003E73CC /* Info.plist */,
				84380B6D2235FA85003E73CC /* main.m */,
				84380BC622365CB4003E73CC /* UbunGit_OC.pch */,
			);
			path = UbunGit_OC;
			sourceTree = "<group>";
		};
		84380B762235FA85003E73CC /* UbunGit_OCTests */ = {
			isa = PBXGroup;
			children = (
				84380B772235FA85003E73CC /* UbunGit_OCTests.m */,
				84380B792235FA85003E73CC /* Info.plist */,
			);
			path = UbunGit_OCTests;
			sourceTree = "<group>";
		};
		84380B812235FA85003E73CC /* UbunGit_OCUITests */ = {
			isa = PBXGroup;
			children = (
				84380B822235FA85003E73CC /* UbunGit_OCUITests.m */,
				84380B842235FA85003E73CC /* Info.plist */,
			);
			path = UbunGit_OCUITests;
			sourceTree = "<group>";
		};
		84380B9F22361C82003E73CC /* Magic */ = {
			isa = PBXGroup;
			children = (
				84AACD46228A6EAF00A327DD /* UG_TZImagePickController */,
				84AACD42228A6D1700A327DD /* SuperPlayPlay */,
				84C73A7A2265CDE900BA5142 /* MBProgressHUD */,
				84380BBF223657FC003E73CC /* PPGetAddressBook */,
				84380BB622362BC3003E73CC /* NIMSDK */,
				84380BB122362824003E73CC /* RTRootNavigationController */,
				84380BAD223624DB003E73CC /* TabBar */,
				84380BA922361ED8003E73CC /* CocoaLumberjack */,
				84380BA722361E14003E73CC /* DoraemonKit */,
				84380BA822361E34003E73CC /* Magic.h */,
			);
			path = Magic;
			sourceTree = "<group>";
		};
		84380BA722361E14003E73CC /* DoraemonKit */ = {
			isa = PBXGroup;
			children = (
				84380BA422361DB9003E73CC /* AppDelegate+DoraemonKit.h */,
				84380BA522361DB9003E73CC /* AppDelegate+DoraemonKit.m */,
			);
			path = DoraemonKit;
			sourceTree = "<group>";
		};
		84380BA922361ED8003E73CC /* CocoaLumberjack */ = {
			isa = PBXGroup;
			children = (
				84380BAA22361F64003E73CC /* AppDelegate+CocoaLumberjack.h */,
				84380BAB22361F64003E73CC /* AppDelegate+CocoaLumberjack.m */,
			);
			path = CocoaLumberjack;
			sourceTree = "<group>";
		};
		84380BAD223624DB003E73CC /* TabBar */ = {
			isa = PBXGroup;
			children = (
				84380BAE223624F8003E73CC /* AppDelegate+TavBar.h */,
				84380BAF223624F8003E73CC /* AppDelegate+TavBar.m */,
			);
			path = TabBar;
			sourceTree = "<group>";
		};
		84380BB122362824003E73CC /* RTRootNavigationController */ = {
			isa = PBXGroup;
			children = (
				84380BB22236283B003E73CC /* AppDelegate+RTRootNavigationController.h */,
				84380BB32236283B003E73CC /* AppDelegate+RTRootNavigationController.m */,
			);
			path = RTRootNavigationController;
			sourceTree = "<group>";
		};
		84380BB622362BC3003E73CC /* NIMSDK */ = {
			isa = PBXGroup;
			children = (
				84380BB722362BE5003E73CC /* AppDelegate+NIMSDK.h */,
				84380BB822362BE5003E73CC /* AppDelegate+NIMSDK.m */,
			);
			path = NIMSDK;
			sourceTree = "<group>";
		};
		84380BBF223657FC003E73CC /* PPGetAddressBook */ = {
			isa = PBXGroup;
			children = (
				84380BC02236595A003E73CC /* AddressBookController.h */,
				84380BC12236595A003E73CC /* AddressBookController.m */,
				84380BC322365AD9003E73CC /* DoraemonAddressBook.h */,
				84380BC422365AD9003E73CC /* DoraemonAddressBook.m */,
			);
			path = PPGetAddressBook;
			sourceTree = "<group>";
		};
		843F33092278030100F1D950 /* Components */ = {
			isa = PBXGroup;
			children = (
				843F330A2278031600F1D950 /* Welcom */,
			);
			path = Components;
			sourceTree = "<group>";
		};
		843F330A2278031600F1D950 /* Welcom */ = {
			isa = PBXGroup;
			children = (
				843F335122783AFA00F1D950 /* beijing@2x.png */,
				843F335322783AFA00F1D950 /* beijing@3x.png */,
				843F335422783AFA00F1D950 /* guanyuwomen-yunpan@2x.png */,
				843F335522783AFA00F1D950 /* guanyuwomen-yunpan@3x.png */,
				843F335722783AFA00F1D950 /* iosyingdaoye1@2x.png */,
				843F335622783AFA00F1D950 /* iosyingdaoye1@3x.png */,
				843F335822783AFA00F1D950 /* iosyingdaoye2@2x.png */,
				843F335922783AFA00F1D950 /* iosyingdaoye2@3x.png */,
				843F335022783AFA00F1D950 /* iosyingdaoye3@2x.png */,
				843F335222783AFA00F1D950 /* iosyingdaoye3@3x.png */,
				843F330B2278035300F1D950 /* WelcomViewController.h */,
				843F330C2278035300F1D950 /* WelcomViewController.m */,
				843F3347227838E300F1D950 /* DMViewController.h */,
				843F3348227838E300F1D950 /* DMViewController.m */,
				843F3349227838E300F1D950 /* DMViewController.xib */,
				843F33212278151B00F1D950 /* AppDelegate+Welcom.h */,
				843F33222278151B00F1D950 /* AppDelegate+Welcom.m */,
			);
			path = Welcom;
			sourceTree = "<group>";
		};
		84AACD17228A6BFB00A327DD /* Category */ = {
			isa = PBXGroup;
			children = (
				84AACD18228A6BFB00A327DD /* UIImage */,
				84AACD1B228A6BFB00A327DD /* UILable */,
				84AACD1E228A6BFB00A327DD /* UIButton */,
				84AACD23228A6BFB00A327DD /* UIView */,
				84AACD2A228A6BFB00A327DD /* UITextView */,
				84AACD2D228A6BFB00A327DD /* NSString */,
				84AACD30228A6BFB00A327DD /* Category.h */,
				84AACD31228A6BFB00A327DD /* UITextField */,
				84AACD34228A6BFB00A327DD /* NSDate */,
			);
			path = Category;
			sourceTree = "<group>";
		};
		84AACD18228A6BFB00A327DD /* UIImage */ = {
			isa = PBXGroup;
			children = (
				84AACD19228A6BFB00A327DD /* UIImage+UG.h */,
				84AACD1A228A6BFB00A327DD /* UIImage+UG.m */,
			);
			path = UIImage;
			sourceTree = "<group>";
		};
		84AACD1B228A6BFB00A327DD /* UILable */ = {
			isa = PBXGroup;
			children = (
				84AACD1C228A6BFB00A327DD /* UILabel+UG.h */,
				84AACD1D228A6BFB00A327DD /* UILabel+UG.m */,
			);
			path = UILable;
			sourceTree = "<group>";
		};
		84AACD1E228A6BFB00A327DD /* UIButton */ = {
			isa = PBXGroup;
			children = (
				84AACD1F228A6BFB00A327DD /* UIControl+UG.h */,
				84AACD20228A6BFB00A327DD /* UIButton+UG.m */,
				84AACD21228A6BFB00A327DD /* UIControl+UG.m */,
				84AACD22228A6BFB00A327DD /* UIButton+UG.h */,
			);
			path = UIButton;
			sourceTree = "<group>";
		};
		84AACD23228A6BFB00A327DD /* UIView */ = {
			isa = PBXGroup;
			children = (
				84AACD24228A6BFB00A327DD /* UIView+WY_Extension.m */,
				84AACD25228A6BFB00A327DD /* UIView+UG.h */,
				84AACD26228A6BFB00A327DD /* UIView+Alert.h */,
				84AACD27228A6BFB00A327DD /* UIView+UG.m */,
				84AACD28228A6BFB00A327DD /* UIView+WY_Extension.h */,
				84AACD29228A6BFB00A327DD /* UIView+Alert.m */,
			);
			path = UIView;
			sourceTree = "<group>";
		};
		84AACD2A228A6BFB00A327DD /* UITextView */ = {
			isa = PBXGroup;
			children = (
				84AACD2B228A6BFB00A327DD /* UITextView+WY_Extension.m */,
				84AACD2C228A6BFB00A327DD /* UITextView+WY_Extension.h */,
			);
			path = UITextView;
			sourceTree = "<group>";
		};
		84AACD2D228A6BFB00A327DD /* NSString */ = {
			isa = PBXGroup;
			children = (
				84AACD2E228A6BFB00A327DD /* NSString+Encode.h */,
				84AACD2F228A6BFB00A327DD /* NSString+Encode.m */,
			);
			path = NSString;
			sourceTree = "<group>";
		};
		84AACD31228A6BFB00A327DD /* UITextField */ = {
			isa = PBXGroup;
			children = (
				84AACD32228A6BFB00A327DD /* UITextField+UG.h */,
				84AACD33228A6BFB00A327DD /* UITextField+UG.m */,
			);
			path = UITextField;
			sourceTree = "<group>";
		};
		84AACD34228A6BFB00A327DD /* NSDate */ = {
			isa = PBXGroup;
			children = (
				84AACD35228A6BFB00A327DD /* NSDate+UG.h */,
				84AACD36228A6BFB00A327DD /* NSDate+UG.m */,
			);
			path = NSDate;
			sourceTree = "<group>";
		};
		84AACD42228A6D1700A327DD /* SuperPlayPlay */ = {
			isa = PBXGroup;
			children = (
				84AACD43228A6D1700A327DD /* DoraemonSuperPlay.m */,
				84AACD44228A6D1700A327DD /* DoraemonSuperPlay.h */,
			);
			path = SuperPlayPlay;
			sourceTree = "<group>";
		};
		84AACD46228A6EAF00A327DD /* UG_TZImagePickController */ = {
			isa = PBXGroup;
			children = (
				84AACD47228A6EAF00A327DD /* UG_TZImagePickSwitch.h */,
				84AACD48228A6EAF00A327DD /* DoraemonTZImagePick.h */,
				84AACD49228A6EAF00A327DD /* UG_TZImagePickSwitch.m */,
				84AACD4A228A6EAF00A327DD /* UG_TZImagePickSwitch.xib */,
				84AACD4B228A6EAF00A327DD /* DoraemonTZImagePick.m */,
			);
			path = UG_TZImagePickController;
			sourceTree = "<group>";
		};
		84C73A7A2265CDE900BA5142 /* MBProgressHUD */ = {
			isa = PBXGroup;
			children = (
				84C73A812265CFC200BA5142 /* zhucechenggong-tanchuang@2x.png */,
				84C73A822265CFC200BA5142 /* zhucechenggong-tanchuang@3x.png */,
				84C73A7B2265CE2100BA5142 /* MBProgressHUDTableVC.h */,
				84C73A7C2265CE2100BA5142 /* MBProgressHUDTableVC.m */,
				84C73A7F2265CF5A00BA5142 /* MessageCenter.h */,
				84C73A7E2265CF5A00BA5142 /* MessageCenter.m */,
				84C73A852265D13D00BA5142 /* DoraemonMBOrogressHUD.h */,
				84C73A862265D13D00BA5142 /* DoraemonMBOrogressHUD.m */,
				84C73A882265D2FC00BA5142 /* UIView+Alert.h */,
				84C73A892265D2FC00BA5142 /* UIView+Alert.m */,
			);
			path = MBProgressHUD;
			sourceTree = "<group>";
		};
		E371EDD99817895D25296D3F /* Pods */ = {
			isa = PBXGroup;
			children = (
				985F57520484DAC01210C56D /* Pods-UbunGit_OC.debug.xcconfig */,
				379FC585DD767D4C78D95618 /* Pods-UbunGit_OC.release.xcconfig */,
			);
			path = Pods;
			sourceTree = "<group>";
		};
		E3F810595441F88D9813A958 /* Frameworks */ = {
			isa = PBXGroup;
			children = (
				688ECF0ECCAAC1617C90C3DF /* Pods_UbunGit_OC.framework */,
			);
			name = Frameworks;
			sourceTree = "<group>";
		};
/* End PBXGroup section */

/* Begin PBXNativeTarget section */
		84380B5A2235FA82003E73CC /* UbunGit_OC */ = {
			isa = PBXNativeTarget;
			buildConfigurationList = 84380B872235FA85003E73CC /* Build configuration list for PBXNativeTarget "UbunGit_OC" */;
			buildPhases = (
				E1D58D5FD7B2236090774DD8 /* [CP] Check Pods Manifest.lock */,
				84380B572235FA82003E73CC /* Sources */,
				84380B582235FA82003E73CC /* Frameworks */,
				84380B592235FA82003E73CC /* Resources */,
				37872591B543536988A08B2E /* [CP] Embed Pods Frameworks */,
				993784920DF6DC6CA9CD29FD /* [CP] Copy Pods Resources */,
			);
			buildRules = (
			);
			dependencies = (
			);
			name = UbunGit_OC;
			productName = UbunGit_OC;
			productReference = 84380B5B2235FA82003E73CC /* UbunGit_OC.app */;
			productType = "com.apple.product-type.application";
		};
		84380B722235FA85003E73CC /* UbunGit_OCTests */ = {
			isa = PBXNativeTarget;
			buildConfigurationList = 84380B8A2235FA85003E73CC /* Build configuration list for PBXNativeTarget "UbunGit_OCTests" */;
			buildPhases = (
				84380B6F2235FA85003E73CC /* Sources */,
				84380B702235FA85003E73CC /* Frameworks */,
				84380B712235FA85003E73CC /* Resources */,
			);
			buildRules = (
			);
			dependencies = (
				84380B752235FA85003E73CC /* PBXTargetDependency */,
			);
			name = UbunGit_OCTests;
			productName = UbunGit_OCTests;
			productReference = 84380B732235FA85003E73CC /* UbunGit_OCTests.xctest */;
			productType = "com.apple.product-type.bundle.unit-test";
		};
		84380B7D2235FA85003E73CC /* UbunGit_OCUITests */ = {
			isa = PBXNativeTarget;
			buildConfigurationList = 84380B8D2235FA85003E73CC /* Build configuration list for PBXNativeTarget "UbunGit_OCUITests" */;
			buildPhases = (
				84380B7A2235FA85003E73CC /* Sources */,
				84380B7B2235FA85003E73CC /* Frameworks */,
				84380B7C2235FA85003E73CC /* Resources */,
			);
			buildRules = (
			);
			dependencies = (
				84380B802235FA85003E73CC /* PBXTargetDependency */,
			);
			name = UbunGit_OCUITests;
			productName = UbunGit_OCUITests;
			productReference = 84380B7E2235FA85003E73CC /* UbunGit_OCUITests.xctest */;
			productType = "com.apple.product-type.bundle.ui-testing";
		};
/* End PBXNativeTarget section */

/* Begin PBXProject section */
		84380B532235FA82003E73CC /* Project object */ = {
			isa = PBXProject;
			attributes = {
				LastUpgradeCheck = 1010;
				ORGANIZATIONNAME = admin;
				TargetAttributes = {
					84380B5A2235FA82003E73CC = {
						CreatedOnToolsVersion = 10.1;
					};
					84380B722235FA85003E73CC = {
						CreatedOnToolsVersion = 10.1;
						TestTargetID = 84380B5A2235FA82003E73CC;
					};
					84380B7D2235FA85003E73CC = {
						CreatedOnToolsVersion = 10.1;
						TestTargetID = 84380B5A2235FA82003E73CC;
					};
				};
			};
			buildConfigurationList = 84380B562235FA82003E73CC /* Build configuration list for PBXProject "UbunGit_OC" */;
			compatibilityVersion = "Xcode 9.3";
			developmentRegion = en;
			hasScannedForEncodings = 0;
			knownRegions = (
				en,
				Base,
			);
			mainGroup = 84380B522235FA82003E73CC;
			productRefGroup = 84380B5C2235FA82003E73CC /* Products */;
			projectDirPath = "";
			projectRoot = "";
			targets = (
				84380B5A2235FA82003E73CC /* UbunGit_OC */,
				84380B722235FA85003E73CC /* UbunGit_OCTests */,
				84380B7D2235FA85003E73CC /* UbunGit_OCUITests */,
			);
		};
/* End PBXProject section */

/* Begin PBXResourcesBuildPhase section */
		84380B592235FA82003E73CC /* Resources */ = {
			isa = PBXResourcesBuildPhase;
			buildActionMask = 2147483647;
			files = (
				843F335C22783AFA00F1D950 /* iosyingdaoye3@3x.png in Resources */,
				843F335A22783AFA00F1D950 /* iosyingdaoye3@2x.png in Resources */,
				843F336122783AFA00F1D950 /* iosyingdaoye1@2x.png in Resources */,
				843F334B227838E300F1D950 /* DMViewController.xib in Resources */,
				84380B6B2235FA85003E73CC /* LaunchScreen.storyboard in Resources */,
				843F335B22783AFA00F1D950 /* beijing@2x.png in Resources */,
				84AACD4D228A6EAF00A327DD /* UG_TZImagePickSwitch.xib in Resources */,
				84C73A832265CFC200BA5142 /* zhucechenggong-tanchuang@2x.png in Resources */,
				843F335F22783AFA00F1D950 /* guanyuwomen-yunpan@3x.png in Resources */,
				843F336322783AFA00F1D950 /* iosyingdaoye2@3x.png in Resources */,
				843F335D22783AFA00F1D950 /* beijing@3x.png in Resources */,
				84380B682235FA85003E73CC /* Assets.xcassets in Resources */,
				84C73A842265CFC200BA5142 /* zhucechenggong-tanchuang@3x.png in Resources */,
				843F336222783AFA00F1D950 /* iosyingdaoye2@2x.png in Resources */,
				84380B662235FA82003E73CC /* Main.storyboard in Resources */,
				843F335E22783AFA00F1D950 /* guanyuwomen-yunpan@2x.png in Resources */,
				843F336022783AFA00F1D950 /* iosyingdaoye1@3x.png in Resources */,
			);
			runOnlyForDeploymentPostprocessing = 0;
		};
		84380B712235FA85003E73CC /* Resources */ = {
			isa = PBXResourcesBuildPhase;
			buildActionMask = 2147483647;
			files = (
			);
			runOnlyForDeploymentPostprocessing = 0;
		};
		84380B7C2235FA85003E73CC /* Resources */ = {
			isa = PBXResourcesBuildPhase;
			buildActionMask = 2147483647;
			files = (
			);
			runOnlyForDeploymentPostprocessing = 0;
		};
/* End PBXResourcesBuildPhase section */

/* Begin PBXShellScriptBuildPhase section */
		37872591B543536988A08B2E /* [CP] Embed Pods Frameworks */ = {
			isa = PBXShellScriptBuildPhase;
			buildActionMask = 2147483647;
			files = (
			);
			inputFileListPaths = (
			);
			inputPaths = (
				"${PODS_ROOT}/Target Support Files/Pods-UbunGit_OC/Pods-UbunGit_OC-frameworks.sh",
				"${BUILT_PRODUCTS_DIR}/AFNetworking/AFNetworking.framework",
				"${BUILT_PRODUCTS_DIR}/BSBacktraceLogger/BSBacktraceLogger.framework",
				"${BUILT_PRODUCTS_DIR}/CocoaLumberjack/CocoaLumberjack.framework",
				"${BUILT_PRODUCTS_DIR}/DoraemonKit/DoraemonKit.framework",
				"${PODS_ROOT}/DoraemonKit/iOS/DoraemonKit/Framework/DoraemonLoadAnalyze.framework",
				"${BUILT_PRODUCTS_DIR}/MBProgressHUD/MBProgressHUD.framework",
				"${BUILT_PRODUCTS_DIR}/Masonry/Masonry.framework",
				"${PODS_ROOT}/NIMSDK/NIMSDK/NIMSDK.framework",
				"${PODS_ROOT}/NIMSDK/NIMAVChat/NIMAVChat.framework",
				"${PODS_ROOT}/NIMSDK/NIMAVChat/NMC.framework",
				"${BUILT_PRODUCTS_DIR}/PNChart/PNChart.framework",
				"${BUILT_PRODUCTS_DIR}/PPGetAddressBook/PPGetAddressBook.framework",
				"${BUILT_PRODUCTS_DIR}/RTRootNavigationController/RTRootNavigationController.framework",
				"${BUILT_PRODUCTS_DIR}/SDWebImage/SDWebImage.framework",
				"${BUILT_PRODUCTS_DIR}/UICountingLabel/UICountingLabel.framework",
				"${BUILT_PRODUCTS_DIR}/UITextView+Placeholder/UITextView_Placeholder.framework",
				"${BUILT_PRODUCTS_DIR}/fishhook/fishhook.framework",
			);
			name = "[CP] Embed Pods Frameworks";
			outputFileListPaths = (
			);
			outputPaths = (
				"${TARGET_BUILD_DIR}/${FRAMEWORKS_FOLDER_PATH}/AFNetworking.framework",
				"${TARGET_BUILD_DIR}/${FRAMEWORKS_FOLDER_PATH}/BSBacktraceLogger.framework",
				"${TARGET_BUILD_DIR}/${FRAMEWORKS_FOLDER_PATH}/CocoaLumberjack.framework",
				"${TARGET_BUILD_DIR}/${FRAMEWORKS_FOLDER_PATH}/DoraemonKit.framework",
				"${TARGET_BUILD_DIR}/${FRAMEWORKS_FOLDER_PATH}/DoraemonLoadAnalyze.framework",
				"${TARGET_BUILD_DIR}/${FRAMEWORKS_FOLDER_PATH}/MBProgressHUD.framework",
				"${TARGET_BUILD_DIR}/${FRAMEWORKS_FOLDER_PATH}/Masonry.framework",
				"${TARGET_BUILD_DIR}/${FRAMEWORKS_FOLDER_PATH}/NIMSDK.framework",
				"${TARGET_BUILD_DIR}/${FRAMEWORKS_FOLDER_PATH}/NIMAVChat.framework",
				"${TARGET_BUILD_DIR}/${FRAMEWORKS_FOLDER_PATH}/NMC.framework",
				"${TARGET_BUILD_DIR}/${FRAMEWORKS_FOLDER_PATH}/PNChart.framework",
				"${TARGET_BUILD_DIR}/${FRAMEWORKS_FOLDER_PATH}/PPGetAddressBook.framework",
				"${TARGET_BUILD_DIR}/${FRAMEWORKS_FOLDER_PATH}/RTRootNavigationController.framework",
				"${TARGET_BUILD_DIR}/${FRAMEWORKS_FOLDER_PATH}/SDWebImage.framework",
				"${TARGET_BUILD_DIR}/${FRAMEWORKS_FOLDER_PATH}/UICountingLabel.framework",
				"${TARGET_BUILD_DIR}/${FRAMEWORKS_FOLDER_PATH}/UITextView_Placeholder.framework",
				"${TARGET_BUILD_DIR}/${FRAMEWORKS_FOLDER_PATH}/fishhook.framework",
			);
			runOnlyForDeploymentPostprocessing = 0;
			shellPath = /bin/sh;
			shellScript = "\"${PODS_ROOT}/Target Support Files/Pods-UbunGit_OC/Pods-UbunGit_OC-frameworks.sh\"\n";
			showEnvVarsInLog = 0;
		};
		993784920DF6DC6CA9CD29FD /* [CP] Copy Pods Resources */ = {
			isa = PBXShellScriptBuildPhase;
			buildActionMask = 2147483647;
			files = (
			);
			inputFileListPaths = (
			);
			inputPaths = (
				"${PODS_ROOT}/Target Support Files/Pods-UbunGit_OC/Pods-UbunGit_OC-resources.sh",
				"${PODS_ROOT}/NIMSDK/NIMAVChat/Resources/NMCVideoFilter.bundle",
				"${PODS_ROOT}/SuperPlayer/SuperPlayer/Resource/SuperPlayer.bundle",
				"${PODS_ROOT}/../Devpods/UGImagePickerController/UGImagePickerController/TZImagePickerController.bundle",
			);
			name = "[CP] Copy Pods Resources";
			outputFileListPaths = (
			);
			outputPaths = (
				"${TARGET_BUILD_DIR}/${UNLOCALIZED_RESOURCES_FOLDER_PATH}/NMCVideoFilter.bundle",
				"${TARGET_BUILD_DIR}/${UNLOCALIZED_RESOURCES_FOLDER_PATH}/SuperPlayer.bundle",
				"${TARGET_BUILD_DIR}/${UNLOCALIZED_RESOURCES_FOLDER_PATH}/TZImagePickerController.bundle",
			);
			runOnlyForDeploymentPostprocessing = 0;
			shellPath = /bin/sh;
			shellScript = "\"${PODS_ROOT}/Target Support Files/Pods-UbunGit_OC/Pods-UbunGit_OC-resources.sh\"\n";
			showEnvVarsInLog = 0;
		};
		E1D58D5FD7B2236090774DD8 /* [CP] Check Pods Manifest.lock */ = {
			isa = PBXShellScriptBuildPhase;
			buildActionMask = 2147483647;
			files = (
			);
			inputFileListPaths = (
			);
			inputPaths = (
				"${PODS_PODFILE_DIR_PATH}/Podfile.lock",
				"${PODS_ROOT}/Manifest.lock",
			);
			name = "[CP] Check Pods Manifest.lock";
			outputFileListPaths = (
			);
			outputPaths = (
				"$(DERIVED_FILE_DIR)/Pods-UbunGit_OC-checkManifestLockResult.txt",
			);
			runOnlyForDeploymentPostprocessing = 0;
			shellPath = /bin/sh;
			shellScript = "diff \"${PODS_PODFILE_DIR_PATH}/Podfile.lock\" \"${PODS_ROOT}/Manifest.lock\" > /dev/null\nif [ $? != 0 ] ; then\n    # print error to STDERR\n    echo \"error: The sandbox is not in sync with the Podfile.lock. Run 'pod install' or update your CocoaPods installation.\" >&2\n    exit 1\nfi\n# This output is used by Xcode 'outputs' to avoid re-running this script phase.\necho \"SUCCESS\" > \"${SCRIPT_OUTPUT_FILE_0}\"\n";
			showEnvVarsInLog = 0;
		};
/* End PBXShellScriptBuildPhase section */

/* Begin PBXSourcesBuildPhase section */
		84380B572235FA82003E73CC /* Sources */ = {
			isa = PBXSourcesBuildPhase;
			buildActionMask = 2147483647;
			files = (
				84AACD4C228A6EAF00A327DD /* UG_TZImagePickSwitch.m in Sources */,
				84380BB42236283B003E73CC /* AppDelegate+RTRootNavigationController.m in Sources */,
				84AACD40228A6BFB00A327DD /* UITextField+UG.m in Sources */,
				84C73A8A2265D2FC00BA5142 /* UIView+Alert.m in Sources */,
				84380BA622361DB9003E73CC /* AppDelegate+DoraemonKit.m in Sources */,
				84380BAC22361F64003E73CC /* AppDelegate+CocoaLumberjack.m in Sources */,
				84C73A7D2265CE2100BA5142 /* MBProgressHUDTableVC.m in Sources */,
				84AACD3A228A6BFB00A327DD /* UIControl+UG.m in Sources */,
				84C73A802265CF5A00BA5142 /* MessageCenter.m in Sources */,
				84AACD3C228A6BFB00A327DD /* UIView+UG.m in Sources */,
				84AACD45228A6D1700A327DD /* DoraemonSuperPlay.m in Sources */,
				843F334A227838E300F1D950 /* DMViewController.m in Sources */,
				84AACD3F228A6BFB00A327DD /* NSString+Encode.m in Sources */,
				84380BB0223624F8003E73CC /* AppDelegate+TavBar.m in Sources */,
				84AACD41228A6BFB00A327DD /* NSDate+UG.m in Sources */,
				84380BB922362BE5003E73CC /* AppDelegate+NIMSDK.m in Sources */,
				84AACD37228A6BFB00A327DD /* UIImage+UG.m in Sources */,
				84380B632235FA82003E73CC /* ViewController.m in Sources */,
				84AACD3D228A6BFB00A327DD /* UIView+Alert.m in Sources */,
				843F33232278151B00F1D950 /* AppDelegate+Welcom.m in Sources */,
				843F330D2278035300F1D950 /* WelcomViewController.m in Sources */,
				84AACD4E228A6EAF00A327DD /* DoraemonTZImagePick.m in Sources */,
				84AACD3B228A6BFB00A327DD /* UIView+WY_Extension.m in Sources */,
				84AACD39228A6BFB00A327DD /* UIButton+UG.m in Sources */,
				84380BC522365AD9003E73CC /* DoraemonAddressBook.m in Sources */,
				84AACD3E228A6BFB00A327DD /* UITextView+WY_Extension.m in Sources */,
				84380BC22236595A003E73CC /* AddressBookController.m in Sources */,
				84AACD38228A6BFB00A327DD /* UILabel+UG.m in Sources */,
				84380B6E2235FA85003E73CC /* main.m in Sources */,
				84C73A872265D13D00BA5142 /* DoraemonMBOrogressHUD.m in Sources */,
				84380B602235FA82003E73CC /* AppDelegate.m in Sources */,
			);
			runOnlyForDeploymentPostprocessing = 0;
		};
		84380B6F2235FA85003E73CC /* Sources */ = {
			isa = PBXSourcesBuildPhase;
			buildActionMask = 2147483647;
			files = (
				84380B782235FA85003E73CC /* UbunGit_OCTests.m in Sources */,
			);
			runOnlyForDeploymentPostprocessing = 0;
		};
		84380B7A2235FA85003E73CC /* Sources */ = {
			isa = PBXSourcesBuildPhase;
			buildActionMask = 2147483647;
			files = (
				84380B832235FA85003E73CC /* UbunGit_OCUITests.m in Sources */,
			);
			runOnlyForDeploymentPostprocessing = 0;
		};
/* End PBXSourcesBuildPhase section */

/* Begin PBXTargetDependency section */
		84380B752235FA85003E73CC /* PBXTargetDependency */ = {
			isa = PBXTargetDependency;
			target = 84380B5A2235FA82003E73CC /* UbunGit_OC */;
			targetProxy = 84380B742235FA85003E73CC /* PBXContainerItemProxy */;
		};
		84380B802235FA85003E73CC /* PBXTargetDependency */ = {
			isa = PBXTargetDependency;
			target = 84380B5A2235FA82003E73CC /* UbunGit_OC */;
			targetProxy = 84380B7F2235FA85003E73CC /* PBXContainerItemProxy */;
		};
/* End PBXTargetDependency section */

/* Begin PBXVariantGroup section */
		84380B642235FA82003E73CC /* Main.storyboard */ = {
			isa = PBXVariantGroup;
			children = (
				84380B652235FA82003E73CC /* Base */,
			);
			name = Main.storyboard;
			sourceTree = "<group>";
		};
		84380B692235FA85003E73CC /* LaunchScreen.storyboard */ = {
			isa = PBXVariantGroup;
			children = (
				84380B6A2235FA85003E73CC /* Base */,
			);
			name = LaunchScreen.storyboard;
			sourceTree = "<group>";
		};
/* End PBXVariantGroup section */

/* Begin XCBuildConfiguration section */
		84380B852235FA85003E73CC /* Debug */ = {
			isa = XCBuildConfiguration;
			buildSettings = {
				ALWAYS_SEARCH_USER_PATHS = NO;
				CLANG_ANALYZER_NONNULL = YES;
				CLANG_ANALYZER_NUMBER_OBJECT_CONVERSION = YES_AGGRESSIVE;
				CLANG_CXX_LANGUAGE_STANDARD = "gnu++14";
				CLANG_CXX_LIBRARY = "libc++";
				CLANG_ENABLE_MODULES = YES;
				CLANG_ENABLE_OBJC_ARC = YES;
				CLANG_ENABLE_OBJC_WEAK = YES;
				CLANG_WARN_BLOCK_CAPTURE_AUTORELEASING = YES;
				CLANG_WARN_BOOL_CONVERSION = YES;
				CLANG_WARN_COMMA = YES;
				CLANG_WARN_CONSTANT_CONVERSION = YES;
				CLANG_WARN_DEPRECATED_OBJC_IMPLEMENTATIONS = YES;
				CLANG_WARN_DIRECT_OBJC_ISA_USAGE = YES_ERROR;
				CLANG_WARN_DOCUMENTATION_COMMENTS = YES;
				CLANG_WARN_EMPTY_BODY = YES;
				CLANG_WARN_ENUM_CONVERSION = YES;
				CLANG_WARN_INFINITE_RECURSION = YES;
				CLANG_WARN_INT_CONVERSION = YES;
				CLANG_WARN_NON_LITERAL_NULL_CONVERSION = YES;
				CLANG_WARN_OBJC_IMPLICIT_RETAIN_SELF = YES;
				CLANG_WARN_OBJC_LITERAL_CONVERSION = YES;
				CLANG_WARN_OBJC_ROOT_CLASS = YES_ERROR;
				CLANG_WARN_RANGE_LOOP_ANALYSIS = YES;
				CLANG_WARN_STRICT_PROTOTYPES = YES;
				CLANG_WARN_SUSPICIOUS_MOVE = YES;
				CLANG_WARN_UNGUARDED_AVAILABILITY = YES_AGGRESSIVE;
				CLANG_WARN_UNREACHABLE_CODE = YES;
				CLANG_WARN__DUPLICATE_METHOD_MATCH = YES;
				CODE_SIGN_IDENTITY = "iPhone Developer";
				COPY_PHASE_STRIP = NO;
				DEBUG_INFORMATION_FORMAT = dwarf;
				ENABLE_STRICT_OBJC_MSGSEND = YES;
				ENABLE_TESTABILITY = YES;
				GCC_C_LANGUAGE_STANDARD = gnu11;
				GCC_DYNAMIC_NO_PIC = NO;
				GCC_NO_COMMON_BLOCKS = YES;
				GCC_OPTIMIZATION_LEVEL = 0;
				GCC_PREPROCESSOR_DEFINITIONS = (
					"DEBUG=1",
					"$(inherited)",
				);
				GCC_WARN_64_TO_32_BIT_CONVERSION = YES;
				GCC_WARN_ABOUT_RETURN_TYPE = YES_ERROR;
				GCC_WARN_UNDECLARED_SELECTOR = YES;
				GCC_WARN_UNINITIALIZED_AUTOS = YES_AGGRESSIVE;
				GCC_WARN_UNUSED_FUNCTION = YES;
				GCC_WARN_UNUSED_VARIABLE = YES;
				IPHONEOS_DEPLOYMENT_TARGET = 12.1;
				MTL_ENABLE_DEBUG_INFO = INCLUDE_SOURCE;
				MTL_FAST_MATH = YES;
				ONLY_ACTIVE_ARCH = YES;
				SDKROOT = iphoneos;
			};
			name = Debug;
		};
		84380B862235FA85003E73CC /* Release */ = {
			isa = XCBuildConfiguration;
			buildSettings = {
				ALWAYS_SEARCH_USER_PATHS = NO;
				CLANG_ANALYZER_NONNULL = YES;
				CLANG_ANALYZER_NUMBER_OBJECT_CONVERSION = YES_AGGRESSIVE;
				CLANG_CXX_LANGUAGE_STANDARD = "gnu++14";
				CLANG_CXX_LIBRARY = "libc++";
				CLANG_ENABLE_MODULES = YES;
				CLANG_ENABLE_OBJC_ARC = YES;
				CLANG_ENABLE_OBJC_WEAK = YES;
				CLANG_WARN_BLOCK_CAPTURE_AUTORELEASING = YES;
				CLANG_WARN_BOOL_CONVERSION = YES;
				CLANG_WARN_COMMA = YES;
				CLANG_WARN_CONSTANT_CONVERSION = YES;
				CLANG_WARN_DEPRECATED_OBJC_IMPLEMENTATIONS = YES;
				CLANG_WARN_DIRECT_OBJC_ISA_USAGE = YES_ERROR;
				CLANG_WARN_DOCUMENTATION_COMMENTS = YES;
				CLANG_WARN_EMPTY_BODY = YES;
				CLANG_WARN_ENUM_CONVERSION = YES;
				CLANG_WARN_INFINITE_RECURSION = YES;
				CLANG_WARN_INT_CONVERSION = YES;
				CLANG_WARN_NON_LITERAL_NULL_CONVERSION = YES;
				CLANG_WARN_OBJC_IMPLICIT_RETAIN_SELF = YES;
				CLANG_WARN_OBJC_LITERAL_CONVERSION = YES;
				CLANG_WARN_OBJC_ROOT_CLASS = YES_ERROR;
				CLANG_WARN_RANGE_LOOP_ANALYSIS = YES;
				CLANG_WARN_STRICT_PROTOTYPES = YES;
				CLANG_WARN_SUSPICIOUS_MOVE = YES;
				CLANG_WARN_UNGUARDED_AVAILABILITY = YES_AGGRESSIVE;
				CLANG_WARN_UNREACHABLE_CODE = YES;
				CLANG_WARN__DUPLICATE_METHOD_MATCH = YES;
				CODE_SIGN_IDENTITY = "iPhone Developer";
				COPY_PHASE_STRIP = NO;
				DEBUG_INFORMATION_FORMAT = "dwarf-with-dsym";
				ENABLE_NS_ASSERTIONS = NO;
				ENABLE_STRICT_OBJC_MSGSEND = YES;
				GCC_C_LANGUAGE_STANDARD = gnu11;
				GCC_NO_COMMON_BLOCKS = YES;
				GCC_WARN_64_TO_32_BIT_CONVERSION = YES;
				GCC_WARN_ABOUT_RETURN_TYPE = YES_ERROR;
				GCC_WARN_UNDECLARED_SELECTOR = YES;
				GCC_WARN_UNINITIALIZED_AUTOS = YES_AGGRESSIVE;
				GCC_WARN_UNUSED_FUNCTION = YES;
				GCC_WARN_UNUSED_VARIABLE = YES;
				IPHONEOS_DEPLOYMENT_TARGET = 12.1;
				MTL_ENABLE_DEBUG_INFO = NO;
				MTL_FAST_MATH = YES;
				SDKROOT = iphoneos;
				VALIDATE_PRODUCT = YES;
			};
			name = Release;
		};
		84380B882235FA85003E73CC /* Debug */ = {
			isa = XCBuildConfiguration;
			baseConfigurationReference = 985F57520484DAC01210C56D /* Pods-UbunGit_OC.debug.xcconfig */;
			buildSettings = {
				ASSETCATALOG_COMPILER_APPICON_NAME = AppIcon;
				CODE_SIGN_STYLE = Automatic;
				DEVELOPMENT_TEAM = 9SR367C2GB;
				GCC_INCREASE_PRECOMPILED_HEADER_SHARING = NO;
				GCC_PRECOMPILE_PREFIX_HEADER = YES;
				GCC_PREFIX_HEADER = "$(SRCROOT)//UbunGit_OC/UbunGit_OC.pch";
				INFOPLIST_FILE = UbunGit_OC/Info.plist;
				LD_RUNPATH_SEARCH_PATHS = (
					"$(inherited)",
					"@executable_path/Frameworks",
				);
				PRODUCT_BUNDLE_IDENTIFIER = "UG.UbunGit-OC";
				PRODUCT_NAME = "$(TARGET_NAME)";
				TARGETED_DEVICE_FAMILY = "1,2";
			};
			name = Debug;
		};
		84380B892235FA85003E73CC /* Release */ = {
			isa = XCBuildConfiguration;
			baseConfigurationReference = 379FC585DD767D4C78D95618 /* Pods-UbunGit_OC.release.xcconfig */;
			buildSettings = {
				ASSETCATALOG_COMPILER_APPICON_NAME = AppIcon;
				CODE_SIGN_STYLE = Automatic;
				DEVELOPMENT_TEAM = 9SR367C2GB;
				GCC_INCREASE_PRECOMPILED_HEADER_SHARING = NO;
				GCC_PRECOMPILE_PREFIX_HEADER = YES;
				GCC_PREFIX_HEADER = "$(SRCROOT)//UbunGit_OC/UbunGit_OC.pch";
				INFOPLIST_FILE = UbunGit_OC/Info.plist;
				LD_RUNPATH_SEARCH_PATHS = (
					"$(inherited)",
					"@executable_path/Frameworks",
				);
				PRODUCT_BUNDLE_IDENTIFIER = "UG.UbunGit-OC";
				PRODUCT_NAME = "$(TARGET_NAME)";
				TARGETED_DEVICE_FAMILY = "1,2";
			};
			name = Release;
		};
		84380B8B2235FA85003E73CC /* Debug */ = {
			isa = XCBuildConfiguration;
			buildSettings = {
				BUNDLE_LOADER = "$(TEST_HOST)";
				CODE_SIGN_STYLE = Automatic;
				DEVELOPMENT_TEAM = Z53SZ4VAM2;
				INFOPLIST_FILE = UbunGit_OCTests/Info.plist;
				LD_RUNPATH_SEARCH_PATHS = (
					"$(inherited)",
					"@executable_path/Frameworks",
					"@loader_path/Frameworks",
				);
				PRODUCT_BUNDLE_IDENTIFIER = "UG.UbunGit-OCTests";
				PRODUCT_NAME = "$(TARGET_NAME)";
				TARGETED_DEVICE_FAMILY = "1,2";
				TEST_HOST = "$(BUILT_PRODUCTS_DIR)/UbunGit_OC.app/UbunGit_OC";
			};
			name = Debug;
		};
		84380B8C2235FA85003E73CC /* Release */ = {
			isa = XCBuildConfiguration;
			buildSettings = {
				BUNDLE_LOADER = "$(TEST_HOST)";
				CODE_SIGN_STYLE = Automatic;
				DEVELOPMENT_TEAM = Z53SZ4VAM2;
				INFOPLIST_FILE = UbunGit_OCTests/Info.plist;
				LD_RUNPATH_SEARCH_PATHS = (
					"$(inherited)",
					"@executable_path/Frameworks",
					"@loader_path/Frameworks",
				);
				PRODUCT_BUNDLE_IDENTIFIER = "UG.UbunGit-OCTests";
				PRODUCT_NAME = "$(TARGET_NAME)";
				TARGETED_DEVICE_FAMILY = "1,2";
				TEST_HOST = "$(BUILT_PRODUCTS_DIR)/UbunGit_OC.app/UbunGit_OC";
			};
			name = Release;
		};
		84380B8E2235FA85003E73CC /* Debug */ = {
			isa = XCBuildConfiguration;
			buildSettings = {
				CODE_SIGN_STYLE = Automatic;
				DEVELOPMENT_TEAM = Z53SZ4VAM2;
				INFOPLIST_FILE = UbunGit_OCUITests/Info.plist;
				LD_RUNPATH_SEARCH_PATHS = (
					"$(inherited)",
					"@executable_path/Frameworks",
					"@loader_path/Frameworks",
				);
				PRODUCT_BUNDLE_IDENTIFIER = "UG.UbunGit-OCUITests";
				PRODUCT_NAME = "$(TARGET_NAME)";
				TARGETED_DEVICE_FAMILY = "1,2";
				TEST_TARGET_NAME = UbunGit_OC;
			};
			name = Debug;
		};
		84380B8F2235FA85003E73CC /* Release */ = {
			isa = XCBuildConfiguration;
			buildSettings = {
				CODE_SIGN_STYLE = Automatic;
				DEVELOPMENT_TEAM = Z53SZ4VAM2;
				INFOPLIST_FILE = UbunGit_OCUITests/Info.plist;
				LD_RUNPATH_SEARCH_PATHS = (
					"$(inherited)",
					"@executable_path/Frameworks",
					"@loader_path/Frameworks",
				);
				PRODUCT_BUNDLE_IDENTIFIER = "UG.UbunGit-OCUITests";
				PRODUCT_NAME = "$(TARGET_NAME)";
				TARGETED_DEVICE_FAMILY = "1,2";
				TEST_TARGET_NAME = UbunGit_OC;
			};
			name = Release;
		};
/* End XCBuildConfiguration section */

/* Begin XCConfigurationList section */
		84380B562235FA82003E73CC /* Build configuration list for PBXProject "UbunGit_OC" */ = {
			isa = XCConfigurationList;
			buildConfigurations = (
				84380B852235FA85003E73CC /* Debug */,
				84380B862235FA85003E73CC /* Release */,
			);
			defaultConfigurationIsVisible = 0;
			defaultConfigurationName = Release;
		};
		84380B872235FA85003E73CC /* Build configuration list for PBXNativeTarget "UbunGit_OC" */ = {
			isa = XCConfigurationList;
			buildConfigurations = (
				84380B882235FA85003E73CC /* Debug */,
				84380B892235FA85003E73CC /* Release */,
			);
			defaultConfigurationIsVisible = 0;
			defaultConfigurationName = Release;
		};
		84380B8A2235FA85003E73CC /* Build configuration list for PBXNativeTarget "UbunGit_OCTests" */ = {
			isa = XCConfigurationList;
			buildConfigurations = (
				84380B8B2235FA85003E73CC /* Debug */,
				84380B8C2235FA85003E73CC /* Release */,
			);
			defaultConfigurationIsVisible = 0;
			defaultConfigurationName = Release;
		};
		84380B8D2235FA85003E73CC /* Build configuration list for PBXNativeTarget "UbunGit_OCUITests" */ = {
			isa = XCConfigurationList;
			buildConfigurations = (
				84380B8E2235FA85003E73CC /* Debug */,
				84380B8F2235FA85003E73CC /* Release */,
			);
			defaultConfigurationIsVisible = 0;
			defaultConfigurationName = Release;
		};
/* End XCConfigurationList section */
	};
	rootObject = 84380B532235FA82003E73CC /* Project object */;
}
